// !$*UTF8*$!
{
	archiveVersion = 1;
	classes = {
	};
	objectVersion = 46;
	objects = {

/* Begin PBXBuildFile section */
		0CE7A6D71FABFC1D009FA569 /* UIViewController+Default.m in Sources */ = {isa = PBXBuildFile; fileRef = 0CE7A6D61FABFC1D009FA569 /* UIViewController+Default.m */; };
		0CE7A7CF1FAC696D009FA569 /* SpriteKit.framework in Frameworks */ = {isa = PBXBuildFile; fileRef = 0CE7A7CE1FAC695D009FA569 /* SpriteKit.framework */; };
		0CE7A7D31FAC69B2009FA569 /* ButtonAni.m in Sources */ = {isa = PBXBuildFile; fileRef = 0CE7A7D21FAC69B2009FA569 /* ButtonAni.m */; };
		836D61D41F74A113008FF81C /* main.m in Sources */ = {isa = PBXBuildFile; fileRef = 836D61D31F74A113008FF81C /* main.m */; };
		836D61D71F74A113008FF81C /* AppDelegate.m in Sources */ = {isa = PBXBuildFile; fileRef = 836D61D61F74A113008FF81C /* AppDelegate.m */; };
		836D61DA1F74A113008FF81C /* ViewController.m in Sources */ = {isa = PBXBuildFile; fileRef = 836D61D91F74A113008FF81C /* ViewController.m */; };
		836D61DD1F74A114008FF81C /* Main.storyboard in Resources */ = {isa = PBXBuildFile; fileRef = 836D61DB1F74A114008FF81C /* Main.storyboard */; };
		836D61DF1F74A114008FF81C /* Assets.xcassets in Resources */ = {isa = PBXBuildFile; fileRef = 836D61DE1F74A114008FF81C /* Assets.xcassets */; };
		836D61E21F74A114008FF81C /* LaunchScreen.storyboard in Resources */ = {isa = PBXBuildFile; fileRef = 836D61E01F74A114008FF81C /* LaunchScreen.storyboard */; };
		836D61ED1F74A114008FF81C /* LxHelpTests.m in Sources */ = {isa = PBXBuildFile; fileRef = 836D61EC1F74A114008FF81C /* LxHelpTests.m */; };
		836D61F81F74A114008FF81C /* LxHelpUITests.m in Sources */ = {isa = PBXBuildFile; fileRef = 836D61F71F74A114008FF81C /* LxHelpUITests.m */; };
		836D627F1F74ABB7008FF81C /* CALayer+Default.m in Sources */ = {isa = PBXBuildFile; fileRef = 836D62521F74ABB7008FF81C /* CALayer+Default.m */; };
		836D62801F74ABB7008FF81C /* CAShapeLayer+Default.m in Sources */ = {isa = PBXBuildFile; fileRef = 836D62541F74ABB7008FF81C /* CAShapeLayer+Default.m */; };
		836D62811F74ABB7008FF81C /* CATextLayer+Default.m in Sources */ = {isa = PBXBuildFile; fileRef = 836D62561F74ABB7008FF81C /* CATextLayer+Default.m */; };
		836D62821F74ABB7008FF81C /* NSArray+Helper.m in Sources */ = {isa = PBXBuildFile; fileRef = 836D62591F74ABB7008FF81C /* NSArray+Helper.m */; };
		836D62831F74ABB7008FF81C /* NSMutableArray+Helper.m in Sources */ = {isa = PBXBuildFile; fileRef = 836D625B1F74ABB7008FF81C /* NSMutableArray+Helper.m */; };
		836D62841F74ABB7008FF81C /* NSDictionary+Helper.m in Sources */ = {isa = PBXBuildFile; fileRef = 836D625E1F74ABB7008FF81C /* NSDictionary+Helper.m */; };
		836D62851F74ABB7008FF81C /* NSString+Helper.m in Sources */ = {isa = PBXBuildFile; fileRef = 836D62611F74ABB7008FF81C /* NSString+Helper.m */; };
		836D62861F74ABB7008FF81C /* NSTimer+Default.m in Sources */ = {isa = PBXBuildFile; fileRef = 836D62641F74ABB7008FF81C /* NSTimer+Default.m */; };
		836D62871F74ABB7008FF81C /* UIButton+EnlargeEdge.m in Sources */ = {isa = PBXBuildFile; fileRef = 836D62671F74ABB7008FF81C /* UIButton+EnlargeEdge.m */; };
		836D62881F74ABB7008FF81C /* UIColor+Default.m in Sources */ = {isa = PBXBuildFile; fileRef = 836D626A1F74ABB7008FF81C /* UIColor+Default.m */; };
		836D62891F74ABB7008FF81C /* UIFont+Default.m in Sources */ = {isa = PBXBuildFile; fileRef = 836D626D1F74ABB7008FF81C /* UIFont+Default.m */; };
		836D628A1F74ABB7008FF81C /* UIImage+Default.m in Sources */ = {isa = PBXBuildFile; fileRef = 836D62701F74ABB7008FF81C /* UIImage+Default.m */; };
		836D628B1F74ABB7008FF81C /* UIView+Default.m in Sources */ = {isa = PBXBuildFile; fileRef = 836D62731F74ABB7008FF81C /* UIView+Default.m */; };
		836D628C1F74ABB7008FF81C /* LxAlertAction.m in Sources */ = {isa = PBXBuildFile; fileRef = 836D62771F74ABB7008FF81C /* LxAlertAction.m */; };
		836D628D1F74ABB7008FF81C /* LxAlertController.m in Sources */ = {isa = PBXBuildFile; fileRef = 836D62791F74ABB7008FF81C /* LxAlertController.m */; };
		836D628E1F74ABB7008FF81C /* LxSegmentedControl.m in Sources */ = {isa = PBXBuildFile; fileRef = 836D627E1F74ABB7008FF81C /* LxSegmentedControl.m */; };
		836D62911F74AC08008FF81C /* NSDictionary+XmlHelper.m in Sources */ = {isa = PBXBuildFile; fileRef = 836D628F1F74AC08008FF81C /* NSDictionary+XmlHelper.m */; };
		8390A3E81F74C178003AA0CF /* LxAvPlayerLayer.m in Sources */ = {isa = PBXBuildFile; fileRef = 8390A3E71F74C178003AA0CF /* LxAvPlayerLayer.m */; };
/* End PBXBuildFile section */

/* Begin PBXContainerItemProxy section */
		836D61E91F74A114008FF81C /* PBXContainerItemProxy */ = {
			isa = PBXContainerItemProxy;
			containerPortal = 836D61C71F74A113008FF81C /* Project object */;
			proxyType = 1;
			remoteGlobalIDString = 836D61CE1F74A113008FF81C;
			remoteInfo = LxHelp;
		};
		836D61F41F74A114008FF81C /* PBXContainerItemProxy */ = {
			isa = PBXContainerItemProxy;
			containerPortal = 836D61C71F74A113008FF81C /* Project object */;
			proxyType = 1;
			remoteGlobalIDString = 836D61CE1F74A113008FF81C;
			remoteInfo = LxHelp;
		};
/* End PBXContainerItemProxy section */

/* Begin PBXFileReference section */
		0CE7A6D51FABFC1D009FA569 /* UIViewController+Default.h */ = {isa = PBXFileReference; lastKnownFileType = sourcecode.c.h; path = "UIViewController+Default.h"; sourceTree = "<group>"; };
		0CE7A6D61FABFC1D009FA569 /* UIViewController+Default.m */ = {isa = PBXFileReference; lastKnownFileType = sourcecode.c.objc; path = "UIViewController+Default.m"; sourceTree = "<group>"; };
		0CE7A7CE1FAC695D009FA569 /* SpriteKit.framework */ = {isa = PBXFileReference; lastKnownFileType = wrapper.framework; name = SpriteKit.framework; path = System/Library/Frameworks/SpriteKit.framework; sourceTree = SDKROOT; };
		0CE7A7D11FAC69B2009FA569 /* ButtonAni.h */ = {isa = PBXFileReference; lastKnownFileType = sourcecode.c.h; path = ButtonAni.h; sourceTree = "<group>"; };
		0CE7A7D21FAC69B2009FA569 /* ButtonAni.m */ = {isa = PBXFileReference; lastKnownFileType = sourcecode.c.objc; path = ButtonAni.m; sourceTree = "<group>"; };
		836D61CF1F74A113008FF81C /* LxHelp.app */ = {isa = PBXFileReference; explicitFileType = wrapper.application; includeInIndex = 0; path = LxHelp.app; sourceTree = BUILT_PRODUCTS_DIR; };
		836D61D31F74A113008FF81C /* main.m */ = {isa = PBXFileReference; lastKnownFileType = sourcecode.c.objc; path = main.m; sourceTree = "<group>"; };
		836D61D51F74A113008FF81C /* AppDelegate.h */ = {isa = PBXFileReference; lastKnownFileType = sourcecode.c.h; path = AppDelegate.h; sourceTree = "<group>"; };
		836D61D61F74A113008FF81C /* AppDelegate.m */ = {isa = PBXFileReference; lastKnownFileType = sourcecode.c.objc; path = AppDelegate.m; sourceTree = "<group>"; };
		836D61D81F74A113008FF81C /* ViewController.h */ = {isa = PBXFileReference; lastKnownFileType = sourcecode.c.h; path = ViewController.h; sourceTree = "<group>"; };
		836D61D91F74A113008FF81C /* ViewController.m */ = {isa = PBXFileReference; lastKnownFileType = sourcecode.c.objc; path = ViewController.m; sourceTree = "<group>"; };
		836D61DC1F74A114008FF81C /* Base */ = {isa = PBXFileReference; lastKnownFileType = file.storyboard; name = Base; path = Base.lproj/Main.storyboard; sourceTree = "<group>"; };
		836D61DE1F74A114008FF81C /* Assets.xcassets */ = {isa = PBXFileReference; lastKnownFileType = folder.assetcatalog; path = Assets.xcassets; sourceTree = "<group>"; };
		836D61E11F74A114008FF81C /* Base */ = {isa = PBXFileReference; lastKnownFileType = file.storyboard; name = Base; path = Base.lproj/LaunchScreen.storyboard; sourceTree = "<group>"; };
		836D61E31F74A114008FF81C /* Info.plist */ = {isa = PBXFileReference; lastKnownFileType = text.plist.xml; path = Info.plist; sourceTree = "<group>"; };
		836D61E81F74A114008FF81C /* LxHelpTests.xctest */ = {isa = PBXFileReference; explicitFileType = wrapper.cfbundle; includeInIndex = 0; path = LxHelpTests.xctest; sourceTree = BUILT_PRODUCTS_DIR; };
		836D61EC1F74A114008FF81C /* LxHelpTests.m */ = {isa = PBXFileReference; lastKnownFileType = sourcecode.c.objc; path = LxHelpTests.m; sourceTree = "<group>"; };
		836D61EE1F74A114008FF81C /* Info.plist */ = {isa = PBXFileReference; lastKnownFileType = text.plist.xml; path = Info.plist; sourceTree = "<group>"; };
		836D61F31F74A114008FF81C /* LxHelpUITests.xctest */ = {isa = PBXFileReference; explicitFileType = wrapper.cfbundle; includeInIndex = 0; path = LxHelpUITests.xctest; sourceTree = BUILT_PRODUCTS_DIR; };
		836D61F71F74A114008FF81C /* LxHelpUITests.m */ = {isa = PBXFileReference; lastKnownFileType = sourcecode.c.objc; path = LxHelpUITests.m; sourceTree = "<group>"; };
		836D61F91F74A114008FF81C /* Info.plist */ = {isa = PBXFileReference; lastKnownFileType = text.plist.xml; path = Info.plist; sourceTree = "<group>"; };
		836D62511F74ABB7008FF81C /* CALayer+Default.h */ = {isa = PBXFileReference; fileEncoding = 4; lastKnownFileType = sourcecode.c.h; path = "CALayer+Default.h"; sourceTree = "<group>"; };
		836D62521F74ABB7008FF81C /* CALayer+Default.m */ = {isa = PBXFileReference; fileEncoding = 4; lastKnownFileType = sourcecode.c.objc; path = "CALayer+Default.m"; sourceTree = "<group>"; };
		836D62531F74ABB7008FF81C /* CAShapeLayer+Default.h */ = {isa = PBXFileReference; fileEncoding = 4; lastKnownFileType = sourcecode.c.h; path = "CAShapeLayer+Default.h"; sourceTree = "<group>"; };
		836D62541F74ABB7008FF81C /* CAShapeLayer+Default.m */ = {isa = PBXFileReference; fileEncoding = 4; lastKnownFileType = sourcecode.c.objc; path = "CAShapeLayer+Default.m"; sourceTree = "<group>"; };
		836D62551F74ABB7008FF81C /* CATextLayer+Default.h */ = {isa = PBXFileReference; fileEncoding = 4; lastKnownFileType = sourcecode.c.h; path = "CATextLayer+Default.h"; sourceTree = "<group>"; };
		836D62561F74ABB7008FF81C /* CATextLayer+Default.m */ = {isa = PBXFileReference; fileEncoding = 4; lastKnownFileType = sourcecode.c.objc; path = "CATextLayer+Default.m"; sourceTree = "<group>"; };
		836D62581F74ABB7008FF81C /* NSArray+Helper.h */ = {isa = PBXFileReference; fileEncoding = 4; lastKnownFileType = sourcecode.c.h; path = "NSArray+Helper.h"; sourceTree = "<group>"; };
		836D62591F74ABB7008FF81C /* NSArray+Helper.m */ = {isa = PBXFileReference; fileEncoding = 4; lastKnownFileType = sourcecode.c.objc; path = "NSArray+Helper.m"; sourceTree = "<group>"; };
		836D625A1F74ABB7008FF81C /* NSMutableArray+Helper.h */ = {isa = PBXFileReference; fileEncoding = 4; lastKnownFileType = sourcecode.c.h; path = "NSMutableArray+Helper.h"; sourceTree = "<group>"; };
		836D625B1F74ABB7008FF81C /* NSMutableArray+Helper.m */ = {isa = PBXFileReference; fileEncoding = 4; lastKnownFileType = sourcecode.c.objc; path = "NSMutableArray+Helper.m"; sourceTree = "<group>"; };
		836D625D1F74ABB7008FF81C /* NSDictionary+Helper.h */ = {isa = PBXFileReference; fileEncoding = 4; lastKnownFileType = sourcecode.c.h; path = "NSDictionary+Helper.h"; sourceTree = "<group>"; };
		836D625E1F74ABB7008FF81C /* NSDictionary+Helper.m */ = {isa = PBXFileReference; fileEncoding = 4; lastKnownFileType = sourcecode.c.objc; path = "NSDictionary+Helper.m"; sourceTree = "<group>"; };
		836D62601F74ABB7008FF81C /* NSString+Helper.h */ = {isa = PBXFileReference; fileEncoding = 4; lastKnownFileType = sourcecode.c.h; path = "NSString+Helper.h"; sourceTree = "<group>"; };
		836D62611F74ABB7008FF81C /* NSString+Helper.m */ = {isa = PBXFileReference; fileEncoding = 4; lastKnownFileType = sourcecode.c.objc; path = "NSString+Helper.m"; sourceTree = "<group>"; };
		836D62631F74ABB7008FF81C /* NSTimer+Default.h */ = {isa = PBXFileReference; fileEncoding = 4; lastKnownFileType = sourcecode.c.h; path = "NSTimer+Default.h"; sourceTree = "<group>"; };
		836D62641F74ABB7008FF81C /* NSTimer+Default.m */ = {isa = PBXFileReference; fileEncoding = 4; lastKnownFileType = sourcecode.c.objc; path = "NSTimer+Default.m"; sourceTree = "<group>"; };
		836D62661F74ABB7008FF81C /* UIButton+EnlargeEdge.h */ = {isa = PBXFileReference; fileEncoding = 4; lastKnownFileType = sourcecode.c.h; path = "UIButton+EnlargeEdge.h"; sourceTree = "<group>"; };
		836D62671F74ABB7008FF81C /* UIButton+EnlargeEdge.m */ = {isa = PBXFileReference; fileEncoding = 4; lastKnownFileType = sourcecode.c.objc; path = "UIButton+EnlargeEdge.m"; sourceTree = "<group>"; };
		836D62691F74ABB7008FF81C /* UIColor+Default.h */ = {isa = PBXFileReference; fileEncoding = 4; lastKnownFileType = sourcecode.c.h; path = "UIColor+Default.h"; sourceTree = "<group>"; };
		836D626A1F74ABB7008FF81C /* UIColor+Default.m */ = {isa = PBXFileReference; fileEncoding = 4; lastKnownFileType = sourcecode.c.objc; path = "UIColor+Default.m"; sourceTree = "<group>"; };
		836D626C1F74ABB7008FF81C /* UIFont+Default.h */ = {isa = PBXFileReference; fileEncoding = 4; lastKnownFileType = sourcecode.c.h; path = "UIFont+Default.h"; sourceTree = "<group>"; };
		836D626D1F74ABB7008FF81C /* UIFont+Default.m */ = {isa = PBXFileReference; fileEncoding = 4; lastKnownFileType = sourcecode.c.objc; path = "UIFont+Default.m"; sourceTree = "<group>"; };
		836D626F1F74ABB7008FF81C /* UIImage+Default.h */ = {isa = PBXFileReference; fileEncoding = 4; lastKnownFileType = sourcecode.c.h; path = "UIImage+Default.h"; sourceTree = "<group>"; };
		836D62701F74ABB7008FF81C /* UIImage+Default.m */ = {isa = PBXFileReference; fileEncoding = 4; lastKnownFileType = sourcecode.c.objc; path = "UIImage+Default.m"; sourceTree = "<group>"; };
		836D62721F74ABB7008FF81C /* UIView+Default.h */ = {isa = PBXFileReference; fileEncoding = 4; lastKnownFileType = sourcecode.c.h; path = "UIView+Default.h"; sourceTree = "<group>"; };
		836D62731F74ABB7008FF81C /* UIView+Default.m */ = {isa = PBXFileReference; fileEncoding = 4; lastKnownFileType = sourcecode.c.objc; path = "UIView+Default.m"; sourceTree = "<group>"; };
		836D62761F74ABB7008FF81C /* LxAlertAction.h */ = {isa = PBXFileReference; fileEncoding = 4; lastKnownFileType = sourcecode.c.h; path = LxAlertAction.h; sourceTree = "<group>"; };
		836D62771F74ABB7008FF81C /* LxAlertAction.m */ = {isa = PBXFileReference; fileEncoding = 4; lastKnownFileType = sourcecode.c.objc; path = LxAlertAction.m; sourceTree = "<group>"; };
		836D62781F74ABB7008FF81C /* LxAlertController.h */ = {isa = PBXFileReference; fileEncoding = 4; lastKnownFileType = sourcecode.c.h; path = LxAlertController.h; sourceTree = "<group>"; };
		836D62791F74ABB7008FF81C /* LxAlertController.m */ = {isa = PBXFileReference; fileEncoding = 4; lastKnownFileType = sourcecode.c.objc; path = LxAlertController.m; sourceTree = "<group>"; };
		836D627A1F74ABB7008FF81C /* LxHelpConfiguration.h */ = {isa = PBXFileReference; fileEncoding = 4; lastKnownFileType = sourcecode.c.h; path = LxHelpConfiguration.h; sourceTree = "<group>"; };
		836D627D1F74ABB7008FF81C /* LxSegmentedControl.h */ = {isa = PBXFileReference; fileEncoding = 4; lastKnownFileType = sourcecode.c.h; path = LxSegmentedControl.h; sourceTree = "<group>"; };
		836D627E1F74ABB7008FF81C /* LxSegmentedControl.m */ = {isa = PBXFileReference; fileEncoding = 4; lastKnownFileType = sourcecode.c.objc; path = LxSegmentedControl.m; sourceTree = "<group>"; };
		836D628F1F74AC08008FF81C /* NSDictionary+XmlHelper.m */ = {isa = PBXFileReference; fileEncoding = 4; lastKnownFileType = sourcecode.c.objc; path = "NSDictionary+XmlHelper.m"; sourceTree = "<group>"; };
		836D62901F74AC08008FF81C /* NSDictionary+XmlHelper.h */ = {isa = PBXFileReference; fileEncoding = 4; lastKnownFileType = sourcecode.c.h; path = "NSDictionary+XmlHelper.h"; sourceTree = "<group>"; };
		8390A3E61F74C178003AA0CF /* LxAvPlayerLayer.h */ = {isa = PBXFileReference; fileEncoding = 4; lastKnownFileType = sourcecode.c.h; path = LxAvPlayerLayer.h; sourceTree = "<group>"; };
		8390A3E71F74C178003AA0CF /* LxAvPlayerLayer.m */ = {isa = PBXFileReference; fileEncoding = 4; lastKnownFileType = sourcecode.c.objc; path = LxAvPlayerLayer.m; sourceTree = "<group>"; };
/* End PBXFileReference section */

/* Begin PBXFrameworksBuildPhase section */
		836D61CC1F74A113008FF81C /* Frameworks */ = {
			isa = PBXFrameworksBuildPhase;
			buildActionMask = 2147483647;
			files = (
				0CE7A7CF1FAC696D009FA569 /* SpriteKit.framework in Frameworks */,
			);
			runOnlyForDeploymentPostprocessing = 0;
		};
		836D61E51F74A114008FF81C /* Frameworks */ = {
			isa = PBXFrameworksBuildPhase;
			buildActionMask = 2147483647;
			files = (
			);
			runOnlyForDeploymentPostprocessing = 0;
		};
		836D61F01F74A114008FF81C /* Frameworks */ = {
			isa = PBXFrameworksBuildPhase;
			buildActionMask = 2147483647;
			files = (
			);
			runOnlyForDeploymentPostprocessing = 0;
		};
/* End PBXFrameworksBuildPhase section */

/* Begin PBXGroup section */
		0CE7A6D41FABFB88009FA569 /* UIViewController */ = {
			isa = PBXGroup;
			children = (
				0CE7A6D51FABFC1D009FA569 /* UIViewController+Default.h */,
				0CE7A6D61FABFC1D009FA569 /* UIViewController+Default.m */,
			);
			path = UIViewController;
			sourceTree = "<group>";
		};
		0CE7A7CD1FAC695D009FA569 /* Frameworks */ = {
			isa = PBXGroup;
			children = (
				0CE7A7CE1FAC695D009FA569 /* SpriteKit.framework */,
			);
			name = Frameworks;
			sourceTree = "<group>";
		};
		0CE7A7D01FAC697C009FA569 /* SKNode */ = {
			isa = PBXGroup;
			children = (
				0CE7A7D11FAC69B2009FA569 /* ButtonAni.h */,
				0CE7A7D21FAC69B2009FA569 /* ButtonAni.m */,
			);
			path = SKNode;
			sourceTree = "<group>";
		};
		836D61C61F74A113008FF81C = {
			isa = PBXGroup;
			children = (
				836D61D11F74A113008FF81C /* LxHelp */,
				836D61EB1F74A114008FF81C /* LxHelpTests */,
				836D61F61F74A114008FF81C /* LxHelpUITests */,
				836D61D01F74A113008FF81C /* Products */,
				0CE7A7CD1FAC695D009FA569 /* Frameworks */,
			);
			sourceTree = "<group>";
		};
		836D61D01F74A113008FF81C /* Products */ = {
			isa = PBXGroup;
			children = (
				836D61CF1F74A113008FF81C /* LxHelp.app */,
				836D61E81F74A114008FF81C /* LxHelpTests.xctest */,
				836D61F31F74A114008FF81C /* LxHelpUITests.xctest */,
			);
			name = Products;
			sourceTree = "<group>";
		};
		836D61D11F74A113008FF81C /* LxHelp */ = {
			isa = PBXGroup;
			children = (
				836D61D51F74A113008FF81C /* AppDelegate.h */,
				836D61D61F74A113008FF81C /* AppDelegate.m */,
				836D624E1F74ABB7008FF81C /* LxHelp */,
				836D61D81F74A113008FF81C /* ViewController.h */,
				836D61D91F74A113008FF81C /* ViewController.m */,
				836D61DB1F74A114008FF81C /* Main.storyboard */,
				836D61DE1F74A114008FF81C /* Assets.xcassets */,
				836D61E01F74A114008FF81C /* LaunchScreen.storyboard */,
				836D61E31F74A114008FF81C /* Info.plist */,
				836D61D21F74A113008FF81C /* Supporting Files */,
			);
			path = LxHelp;
			sourceTree = "<group>";
		};
		836D61D21F74A113008FF81C /* Supporting Files */ = {
			isa = PBXGroup;
			children = (
				836D61D31F74A113008FF81C /* main.m */,
			);
			name = "Supporting Files";
			sourceTree = "<group>";
		};
		836D61EB1F74A114008FF81C /* LxHelpTests */ = {
			isa = PBXGroup;
			children = (
				836D61EC1F74A114008FF81C /* LxHelpTests.m */,
				836D61EE1F74A114008FF81C /* Info.plist */,
			);
			path = LxHelpTests;
			sourceTree = "<group>";
		};
		836D61F61F74A114008FF81C /* LxHelpUITests */ = {
			isa = PBXGroup;
			children = (
				836D61F71F74A114008FF81C /* LxHelpUITests.m */,
				836D61F91F74A114008FF81C /* Info.plist */,
			);
			path = LxHelpUITests;
			sourceTree = "<group>";
		};
		836D624E1F74ABB7008FF81C /* LxHelp */ = {
			isa = PBXGroup;
			children = (
				836D624F1F74ABB7008FF81C /* Category_Default */,
				836D62741F74ABB7008FF81C /* Inheritance_Default */,
				836D627A1F74ABB7008FF81C /* LxHelpConfiguration.h */,
				836D627B1F74ABB7008FF81C /* ToolView_Default */,
			);
			path = LxHelp;
			sourceTree = "<group>";
		};
		836D624F1F74ABB7008FF81C /* Category_Default */ = {
			isa = PBXGroup;
			children = (
				0CE7A7D01FAC697C009FA569 /* SKNode */,
				0CE7A6D41FABFB88009FA569 /* UIViewController */,
				836D62501F74ABB7008FF81C /* Calayer */,
				836D62571F74ABB7008FF81C /* NSArray */,
				836D625C1F74ABB7008FF81C /* NSDictionary */,
				836D625F1F74ABB7008FF81C /* NSString */,
				836D62621F74ABB7008FF81C /* NsTimer */,
				836D62651F74ABB7008FF81C /* UIButton */,
				836D62681F74ABB7008FF81C /* UIColor */,
				836D626B1F74ABB7008FF81C /* UIFont */,
				836D626E1F74ABB7008FF81C /* UIImage */,
				836D62711F74ABB7008FF81C /* UIView */,
			);
			path = Category_Default;
			sourceTree = "<group>";
		};
		836D62501F74ABB7008FF81C /* Calayer */ = {
			isa = PBXGroup;
			children = (
				836D62511F74ABB7008FF81C /* CALayer+Default.h */,
				836D62521F74ABB7008FF81C /* CALayer+Default.m */,
				836D62531F74ABB7008FF81C /* CAShapeLayer+Default.h */,
				836D62541F74ABB7008FF81C /* CAShapeLayer+Default.m */,
				836D62551F74ABB7008FF81C /* CATextLayer+Default.h */,
				836D62561F74ABB7008FF81C /* CATextLayer+Default.m */,
			);
			path = Calayer;
			sourceTree = "<group>";
		};
		836D62571F74ABB7008FF81C /* NSArray */ = {
			isa = PBXGroup;
			children = (
				836D62581F74ABB7008FF81C /* NSArray+Helper.h */,
				836D62591F74ABB7008FF81C /* NSArray+Helper.m */,
				836D625A1F74ABB7008FF81C /* NSMutableArray+Helper.h */,
				836D625B1F74ABB7008FF81C /* NSMutableArray+Helper.m */,
			);
			path = NSArray;
			sourceTree = "<group>";
		};
		836D625C1F74ABB7008FF81C /* NSDictionary */ = {
			isa = PBXGroup;
			children = (
				836D625D1F74ABB7008FF81C /* NSDictionary+Helper.h */,
				836D625E1F74ABB7008FF81C /* NSDictionary+Helper.m */,
				836D628F1F74AC08008FF81C /* NSDictionary+XmlHelper.m */,
				836D62901F74AC08008FF81C /* NSDictionary+XmlHelper.h */,
			);
			path = NSDictionary;
			sourceTree = "<group>";
		};
		836D625F1F74ABB7008FF81C /* NSString */ = {
			isa = PBXGroup;
			children = (
				836D62601F74ABB7008FF81C /* NSString+Helper.h */,
				836D62611F74ABB7008FF81C /* NSString+Helper.m */,
			);
			path = NSString;
			sourceTree = "<group>";
		};
		836D62621F74ABB7008FF81C /* NsTimer */ = {
			isa = PBXGroup;
			children = (
				836D62631F74ABB7008FF81C /* NSTimer+Default.h */,
				836D62641F74ABB7008FF81C /* NSTimer+Default.m */,
			);
			path = NsTimer;
			sourceTree = "<group>";
		};
		836D62651F74ABB7008FF81C /* UIButton */ = {
			isa = PBXGroup;
			children = (
				836D62661F74ABB7008FF81C /* UIButton+EnlargeEdge.h */,
				836D62671F74ABB7008FF81C /* UIButton+EnlargeEdge.m */,
			);
			path = UIButton;
			sourceTree = "<group>";
		};
		836D62681F74ABB7008FF81C /* UIColor */ = {
			isa = PBXGroup;
			children = (
				836D62691F74ABB7008FF81C /* UIColor+Default.h */,
				836D626A1F74ABB7008FF81C /* UIColor+Default.m */,
			);
			path = UIColor;
			sourceTree = "<group>";
		};
		836D626B1F74ABB7008FF81C /* UIFont */ = {
			isa = PBXGroup;
			children = (
				836D626C1F74ABB7008FF81C /* UIFont+Default.h */,
				836D626D1F74ABB7008FF81C /* UIFont+Default.m */,
			);
			path = UIFont;
			sourceTree = "<group>";
		};
		836D626E1F74ABB7008FF81C /* UIImage */ = {
			isa = PBXGroup;
			children = (
				836D626F1F74ABB7008FF81C /* UIImage+Default.h */,
				836D62701F74ABB7008FF81C /* UIImage+Default.m */,
			);
			path = UIImage;
			sourceTree = "<group>";
		};
		836D62711F74ABB7008FF81C /* UIView */ = {
			isa = PBXGroup;
			children = (
				836D62721F74ABB7008FF81C /* UIView+Default.h */,
				836D62731F74ABB7008FF81C /* UIView+Default.m */,
			);
			path = UIView;
			sourceTree = "<group>";
		};
		836D62741F74ABB7008FF81C /* Inheritance_Default */ = {
			isa = PBXGroup;
			children = (
				8390A3E51F74C163003AA0CF /* LxAvPlayerLayer */,
				836D62751F74ABB7008FF81C /* UIAlertController */,
			);
			path = Inheritance_Default;
			sourceTree = "<group>";
		};
		836D62751F74ABB7008FF81C /* UIAlertController */ = {
			isa = PBXGroup;
			children = (
				836D62761F74ABB7008FF81C /* LxAlertAction.h */,
				836D62771F74ABB7008FF81C /* LxAlertAction.m */,
				836D62781F74ABB7008FF81C /* LxAlertController.h */,
				836D62791F74ABB7008FF81C /* LxAlertController.m */,
			);
			path = UIAlertController;
			sourceTree = "<group>";
		};
		836D627B1F74ABB7008FF81C /* ToolView_Default */ = {
			isa = PBXGroup;
			children = (
				836D627C1F74ABB7008FF81C /* LxSegmentedControl */,
			);
			path = ToolView_Default;
			sourceTree = "<group>";
		};
		836D627C1F74ABB7008FF81C /* LxSegmentedControl */ = {
			isa = PBXGroup;
			children = (
				836D627D1F74ABB7008FF81C /* LxSegmentedControl.h */,
				836D627E1F74ABB7008FF81C /* LxSegmentedControl.m */,
			);
			path = LxSegmentedControl;
			sourceTree = "<group>";
		};
		8390A3E51F74C163003AA0CF /* LxAvPlayerLayer */ = {
			isa = PBXGroup;
			children = (
				8390A3E61F74C178003AA0CF /* LxAvPlayerLayer.h */,
				8390A3E71F74C178003AA0CF /* LxAvPlayerLayer.m */,
			);
			path = LxAvPlayerLayer;
			sourceTree = "<group>";
		};
/* End PBXGroup section */

/* Begin PBXNativeTarget section */
		836D61CE1F74A113008FF81C /* LxHelp */ = {
			isa = PBXNativeTarget;
			buildConfigurationList = 836D61FC1F74A114008FF81C /* Build configuration list for PBXNativeTarget "LxHelp" */;
			buildPhases = (
				836D61CB1F74A113008FF81C /* Sources */,
				836D61CC1F74A113008FF81C /* Frameworks */,
				836D61CD1F74A113008FF81C /* Resources */,
			);
			buildRules = (
			);
			dependencies = (
			);
			name = LxHelp;
			productName = LxHelp;
			productReference = 836D61CF1F74A113008FF81C /* LxHelp.app */;
			productType = "com.apple.product-type.application";
		};
		836D61E71F74A114008FF81C /* LxHelpTests */ = {
			isa = PBXNativeTarget;
			buildConfigurationList = 836D61FF1F74A114008FF81C /* Build configuration list for PBXNativeTarget "LxHelpTests" */;
			buildPhases = (
				836D61E41F74A114008FF81C /* Sources */,
				836D61E51F74A114008FF81C /* Frameworks */,
				836D61E61F74A114008FF81C /* Resources */,
			);
			buildRules = (
			);
			dependencies = (
				836D61EA1F74A114008FF81C /* PBXTargetDependency */,
			);
			name = LxHelpTests;
			productName = LxHelpTests;
			productReference = 836D61E81F74A114008FF81C /* LxHelpTests.xctest */;
			productType = "com.apple.product-type.bundle.unit-test";
		};
		836D61F21F74A114008FF81C /* LxHelpUITests */ = {
			isa = PBXNativeTarget;
			buildConfigurationList = 836D62021F74A114008FF81C /* Build configuration list for PBXNativeTarget "LxHelpUITests" */;
			buildPhases = (
				836D61EF1F74A114008FF81C /* Sources */,
				836D61F01F74A114008FF81C /* Frameworks */,
				836D61F11F74A114008FF81C /* Resources */,
			);
			buildRules = (
			);
			dependencies = (
				836D61F51F74A114008FF81C /* PBXTargetDependency */,
			);
			name = LxHelpUITests;
			productName = LxHelpUITests;
			productReference = 836D61F31F74A114008FF81C /* LxHelpUITests.xctest */;
			productType = "com.apple.product-type.bundle.ui-testing";
		};
/* End PBXNativeTarget section */

/* Begin PBXProject section */
		836D61C71F74A113008FF81C /* Project object */ = {
			isa = PBXProject;
			attributes = {
				LastUpgradeCheck = 0910;
				ORGANIZATIONNAME = DavinLee;
				TargetAttributes = {
					836D61CE1F74A113008FF81C = {
						CreatedOnToolsVersion = 8.3.3;
						DevelopmentTeam = FNU9VD9ZK4;
						ProvisioningStyle = Automatic;
					};
					836D61E71F74A114008FF81C = {
						CreatedOnToolsVersion = 8.3.3;
						ProvisioningStyle = Automatic;
						TestTargetID = 836D61CE1F74A113008FF81C;
					};
					836D61F21F74A114008FF81C = {
						CreatedOnToolsVersion = 8.3.3;
						ProvisioningStyle = Automatic;
						TestTargetID = 836D61CE1F74A113008FF81C;
					};
				};
			};
			buildConfigurationList = 836D61CA1F74A113008FF81C /* Build configuration list for PBXProject "LxHelp" */;
			compatibilityVersion = "Xcode 3.2";
			developmentRegion = English;
			hasScannedForEncodings = 0;
			knownRegions = (
				en,
				Base,
			);
			mainGroup = 836D61C61F74A113008FF81C;
			productRefGroup = 836D61D01F74A113008FF81C /* Products */;
			projectDirPath = "";
			projectRoot = "";
			targets = (
				836D61CE1F74A113008FF81C /* LxHelp */,
				836D61E71F74A114008FF81C /* LxHelpTests */,
				836D61F21F74A114008FF81C /* LxHelpUITests */,
			);
		};
/* End PBXProject section */

/* Begin PBXResourcesBuildPhase section */
		836D61CD1F74A113008FF81C /* Resources */ = {
			isa = PBXResourcesBuildPhase;
			buildActionMask = 2147483647;
			files = (
				836D61E21F74A114008FF81C /* LaunchScreen.storyboard in Resources */,
				836D61DF1F74A114008FF81C /* Assets.xcassets in Resources */,
				836D61DD1F74A114008FF81C /* Main.storyboard in Resources */,
			);
			runOnlyForDeploymentPostprocessing = 0;
		};
		836D61E61F74A114008FF81C /* Resources */ = {
			isa = PBXResourcesBuildPhase;
			buildActionMask = 2147483647;
			files = (
			);
			runOnlyForDeploymentPostprocessing = 0;
		};
		836D61F11F74A114008FF81C /* Resources */ = {
			isa = PBXResourcesBuildPhase;
			buildActionMask = 2147483647;
			files = (
			);
			runOnlyForDeploymentPostprocessing = 0;
		};
/* End PBXResourcesBuildPhase section */

/* Begin PBXSourcesBuildPhase section */
		836D61CB1F74A113008FF81C /* Sources */ = {
			isa = PBXSourcesBuildPhase;
			buildActionMask = 2147483647;
			files = (
				836D62811F74ABB7008FF81C /* CATextLayer+Default.m in Sources */,
				836D62821F74ABB7008FF81C /* NSArray+Helper.m in Sources */,
				836D62911F74AC08008FF81C /* NSDictionary+XmlHelper.m in Sources */,
				836D61DA1F74A113008FF81C /* ViewController.m in Sources */,
				836D62861F74ABB7008FF81C /* NSTimer+Default.m in Sources */,
				0CE7A7D31FAC69B2009FA569 /* ButtonAni.m in Sources */,
				836D628B1F74ABB7008FF81C /* UIView+Default.m in Sources */,
				836D627F1F74ABB7008FF81C /* CALayer+Default.m in Sources */,
				836D62871F74ABB7008FF81C /* UIButton+EnlargeEdge.m in Sources */,
				836D61D71F74A113008FF81C /* AppDelegate.m in Sources */,
				836D628C1F74ABB7008FF81C /* LxAlertAction.m in Sources */,
				0CE7A6D71FABFC1D009FA569 /* UIViewController+Default.m in Sources */,
				836D62851F74ABB7008FF81C /* NSString+Helper.m in Sources */,
				836D62891F74ABB7008FF81C /* UIFont+Default.m in Sources */,
				836D62801F74ABB7008FF81C /* CAShapeLayer+Default.m in Sources */,
				836D628A1F74ABB7008FF81C /* UIImage+Default.m in Sources */,
				8390A3E81F74C178003AA0CF /* LxAvPlayerLayer.m in Sources */,
				836D628E1F74ABB7008FF81C /* LxSegmentedControl.m in Sources */,
				836D62841F74ABB7008FF81C /* NSDictionary+Helper.m in Sources */,
				836D628D1F74ABB7008FF81C /* LxAlertController.m in Sources */,
				836D61D41F74A113008FF81C /* main.m in Sources */,
				836D62881F74ABB7008FF81C /* UIColor+Default.m in Sources */,
				836D62831F74ABB7008FF81C /* NSMutableArray+Helper.m in Sources */,
			);
			runOnlyForDeploymentPostprocessing = 0;
		};
		836D61E41F74A114008FF81C /* Sources */ = {
			isa = PBXSourcesBuildPhase;
			buildActionMask = 2147483647;
			files = (
				836D61ED1F74A114008FF81C /* LxHelpTests.m in Sources */,
			);
			runOnlyForDeploymentPostprocessing = 0;
		};
		836D61EF1F74A114008FF81C /* Sources */ = {
			isa = PBXSourcesBuildPhase;
			buildActionMask = 2147483647;
			files = (
				836D61F81F74A114008FF81C /* LxHelpUITests.m in Sources */,
			);
			runOnlyForDeploymentPostprocessing = 0;
		};
/* End PBXSourcesBuildPhase section */

/* Begin PBXTargetDependency section */
		836D61EA1F74A114008FF81C /* PBXTargetDependency */ = {
			isa = PBXTargetDependency;
			target = 836D61CE1F74A113008FF81C /* LxHelp */;
			targetProxy = 836D61E91F74A114008FF81C /* PBXContainerItemProxy */;
		};
		836D61F51F74A114008FF81C /* PBXTargetDependency */ = {
			isa = PBXTargetDependency;
			target = 836D61CE1F74A113008FF81C /* LxHelp */;
			targetProxy = 836D61F41F74A114008FF81C /* PBXContainerItemProxy */;
		};
/* End PBXTargetDependency section */

/* Begin PBXVariantGroup section */
		836D61DB1F74A114008FF81C /* Main.storyboard */ = {
			isa = PBXVariantGroup;
			children = (
				836D61DC1F74A114008FF81C /* Base */,
			);
			name = Main.storyboard;
			sourceTree = "<group>";
		};
		836D61E01F74A114008FF81C /* LaunchScreen.storyboard */ = {
			isa = PBXVariantGroup;
			children = (
				836D61E11F74A114008FF81C /* Base */,
			);
			name = LaunchScreen.storyboard;
			sourceTree = "<group>";
		};
/* End PBXVariantGroup section */

/* Begin XCBuildConfiguration section */
		836D61FA1F74A114008FF81C /* Debug */ = {
			isa = XCBuildConfiguration;
			buildSettings = {
				ALWAYS_SEARCH_USER_PATHS = NO;
				CLANG_ANALYZER_NONNULL = YES;
				CLANG_ANALYZER_NUMBER_OBJECT_CONVERSION = YES_AGGRESSIVE;
				CLANG_CXX_LANGUAGE_STANDARD = "gnu++0x";
				CLANG_CXX_LIBRARY = "libc++";
				CLANG_ENABLE_MODULES = YES;
				CLANG_ENABLE_OBJC_ARC = YES;
				CLANG_WARN_BLOCK_CAPTURE_AUTORELEASING = YES;
				CLANG_WARN_BOOL_CONVERSION = YES;
				CLANG_WARN_COMMA = YES;
				CLANG_WARN_CONSTANT_CONVERSION = YES;
				CLANG_WARN_DIRECT_OBJC_ISA_USAGE = YES_ERROR;
				CLANG_WARN_DOCUMENTATION_COMMENTS = YES;
				CLANG_WARN_EMPTY_BODY = YES;
				CLANG_WARN_ENUM_CONVERSION = YES;
				CLANG_WARN_INFINITE_RECURSION = YES;
				CLANG_WARN_INT_CONVERSION = YES;
				CLANG_WARN_NON_LITERAL_NULL_CONVERSION = YES;
				CLANG_WARN_OBJC_LITERAL_CONVERSION = YES;
				CLANG_WARN_OBJC_ROOT_CLASS = YES_ERROR;
				CLANG_WARN_RANGE_LOOP_ANALYSIS = YES;
				CLANG_WARN_STRICT_PROTOTYPES = YES;
				CLANG_WARN_SUSPICIOUS_MOVE = YES;
				CLANG_WARN_UNREACHABLE_CODE = YES;
				CLANG_WARN__DUPLICATE_METHOD_MATCH = YES;
				"CODE_SIGN_IDENTITY[sdk=iphoneos*]" = "iPhone Developer";
				COPY_PHASE_STRIP = NO;
				DEBUG_INFORMATION_FORMAT = dwarf;
				ENABLE_STRICT_OBJC_MSGSEND = YES;
				ENABLE_TESTABILITY = YES;
				GCC_C_LANGUAGE_STANDARD = gnu99;
				GCC_DYNAMIC_NO_PIC = NO;
				GCC_NO_COMMON_BLOCKS = YES;
				GCC_OPTIMIZATION_LEVEL = 0;
				GCC_PREPROCESSOR_DEFINITIONS = (
					"DEBUG=1",
					"$(inherited)",
				);
				GCC_WARN_64_TO_32_BIT_CONVERSION = YES;
				GCC_WARN_ABOUT_RETURN_TYPE = YES_ERROR;
				GCC_WARN_UNDECLARED_SELECTOR = YES;
				GCC_WARN_UNINITIALIZED_AUTOS = YES_AGGRESSIVE;
				GCC_WARN_UNUSED_FUNCTION = YES;
				GCC_WARN_UNUSED_VARIABLE = YES;
				IPHONEOS_DEPLOYMENT_TARGET = 10.3;
				MTL_ENABLE_DEBUG_INFO = YES;
				ONLY_ACTIVE_ARCH = YES;
				SDKROOT = iphoneos;
				TARGETED_DEVICE_FAMILY = "1,2";
			};
			name = Debug;
		};
		836D61FB1F74A114008FF81C /* Release */ = {
			isa = XCBuildConfiguration;
			buildSettings = {
				ALWAYS_SEARCH_USER_PATHS = NO;
				CLANG_ANALYZER_NONNULL = YES;
				CLANG_ANALYZER_NUMBER_OBJECT_CONVERSION = YES_AGGRESSIVE;
				CLANG_CXX_LANGUAGE_STANDARD = "gnu++0x";
				CLANG_CXX_LIBRARY = "libc++";
				CLANG_ENABLE_MODULES = YES;
				CLANG_ENABLE_OBJC_ARC = YES;
				CLANG_WARN_BLOCK_CAPTURE_AUTORELEASING = YES;
				CLANG_WARN_BOOL_CONVERSION = YES;
				CLANG_WARN_COMMA = YES;
				CLANG_WARN_CONSTANT_CONVERSION = YES;
				CLANG_WARN_DIRECT_OBJC_ISA_USAGE = YES_ERROR;
				CLANG_WARN_DOCUMENTATION_COMMENTS = YES;
				CLANG_WARN_EMPTY_BODY = YES;
				CLANG_WARN_ENUM_CONVERSION = YES;
				CLANG_WARN_INFINITE_RECURSION = YES;
				CLANG_WARN_INT_CONVERSION = YES;
				CLANG_WARN_NON_LITERAL_NULL_CONVERSION = YES;
				CLANG_WARN_OBJC_LITERAL_CONVERSION = YES;
				CLANG_WARN_OBJC_ROOT_CLASS = YES_ERROR;
				CLANG_WARN_RANGE_LOOP_ANALYSIS = YES;
				CLANG_WARN_STRICT_PROTOTYPES = YES;
				CLANG_WARN_SUSPICIOUS_MOVE = YES;
				CLANG_WARN_UNREACHABLE_CODE = YES;
				CLANG_WARN__DUPLICATE_METHOD_MATCH = YES;
				"CODE_SIGN_IDENTITY[sdk=iphoneos*]" = "iPhone Developer";
				COPY_PHASE_STRIP = NO;
				DEBUG_INFORMATION_FORMAT = "dwarf-with-dsym";
				ENABLE_NS_ASSERTIONS = NO;
				ENABLE_STRICT_OBJC_MSGSEND = YES;
				GCC_C_LANGUAGE_STANDARD = gnu99;
				GCC_NO_COMMON_BLOCKS = YES;
				GCC_WARN_64_TO_32_BIT_CONVERSION = YES;
				GCC_WARN_ABOUT_RETURN_TYPE = YES_ERROR;
				GCC_WARN_UNDECLARED_SELECTOR = YES;
				GCC_WARN_UNINITIALIZED_AUTOS = YES_AGGRESSIVE;
				GCC_WARN_UNUSED_FUNCTION = YES;
				GCC_WARN_UNUSED_VARIABLE = YES;
				IPHONEOS_DEPLOYMENT_TARGET = 10.3;
				MTL_ENABLE_DEBUG_INFO = NO;
				SDKROOT = iphoneos;
				TARGETED_DEVICE_FAMILY = "1,2";
				VALIDATE_PRODUCT = YES;
			};
			name = Release;
		};
		836D61FD1F74A114008FF81C /* Debug */ = {
			isa = XCBuildConfiguration;
			buildSettings = {
				ASSETCATALOG_COMPILER_APPICON_NAME = AppIcon;
				DEVELOPMENT_TEAM = FNU9VD9ZK4;
				INFOPLIST_FILE = LxHelp/Info.plist;
				LD_RUNPATH_SEARCH_PATHS = "$(inherited) @executable_path/Frameworks";
				PRODUCT_BUNDLE_IDENTIFIER = com.DavinLee.LxHelp.LxHelp;
				PRODUCT_NAME = "$(TARGET_NAME)";
			};
			name = Debug;
		};
		836D61FE1F74A114008FF81C /* Release */ = {
			isa = XCBuildConfiguration;
			buildSettings = {
				ASSETCATALOG_COMPILER_APPICON_NAME = AppIcon;
				DEVELOPMENT_TEAM = FNU9VD9ZK4;
				INFOPLIST_FILE = LxHelp/Info.plist;
				LD_RUNPATH_SEARCH_PATHS = "$(inherited) @executable_path/Frameworks";
				PRODUCT_BUNDLE_IDENTIFIER = com.DavinLee.LxHelp.LxHelp;
				PRODUCT_NAME = "$(TARGET_NAME)";
			};
			name = Release;
		};
		836D62001F74A114008FF81C /* Debug */ = {
			isa = XCBuildConfiguration;
			buildSettings = {
				BUNDLE_LOADER = "$(TEST_HOST)";
				INFOPLIST_FILE = LxHelpTests/Info.plist;
				LD_RUNPATH_SEARCH_PATHS = "$(inherited) @executable_path/Frameworks @loader_path/Frameworks";
				PRODUCT_BUNDLE_IDENTIFIER = com.DavinLee.LxHelp.LxHelpTests;
				PRODUCT_NAME = "$(TARGET_NAME)";
				TEST_HOST = "$(BUILT_PRODUCTS_DIR)/LxHelp.app/LxHelp";
			};
			name = Debug;
		};
		836D62011F74A114008FF81C /* Release */ = {
			isa = XCBuildConfiguration;
			buildSettings = {
				BUNDLE_LOADER = "$(TEST_HOST)";
				INFOPLIST_FILE = LxHelpTests/Info.plist;
				LD_RUNPATH_SEARCH_PATHS = "$(inherited) @executable_path/Frameworks @loader_path/Frameworks";
				PRODUCT_BUNDLE_IDENTIFIER = com.DavinLee.LxHelp.LxHelpTests;
				PRODUCT_NAME = "$(TARGET_NAME)";
				TEST_HOST = "$(BUILT_PRODUCTS_DIR)/LxHelp.app/LxHelp";
			};
			name = Release;
		};
		836D62031F74A114008FF81C /* Debug */ = {
			isa = XCBuildConfiguration;
			buildSettings = {
				INFOPLIST_FILE = LxHelpUITests/Info.plist;
				LD_RUNPATH_SEARCH_PATHS = "$(inherited) @executable_path/Frameworks @loader_path/Frameworks";
				PRODUCT_BUNDLE_IDENTIFIER = com.DavinLee.LxHelp.LxHelpUITests;
				PRODUCT_NAME = "$(TARGET_NAME)";
				TEST_TARGET_NAME = LxHelp;
			};
			name = Debug;
		};
		836D62041F74A114008FF81C /* Release */ = {
			isa = XCBuildConfiguration;
			buildSettings = {
				INFOPLIST_FILE = LxHelpUITests/Info.plist;
				LD_RUNPATH_SEARCH_PATHS = "$(inherited) @executable_path/Frameworks @loader_path/Frameworks";
				PRODUCT_BUNDLE_IDENTIFIER = com.DavinLee.LxHelp.LxHelpUITests;
				PRODUCT_NAME = "$(TARGET_NAME)";
				TEST_TARGET_NAME = LxHelp;
			};
			name = Release;
		};
/* End XCBuildConfiguration section */

/* Begin XCConfigurationList section */
		836D61CA1F74A113008FF81C /* Build configuration list for PBXProject "LxHelp" */ = {
			isa = XCConfigurationList;
			buildConfigurations = (
				836D61FA1F74A114008FF81C /* Debug */,
				836D61FB1F74A114008FF81C /* Release */,
			);
			defaultConfigurationIsVisible = 0;
			defaultConfigurationName = Release;
		};
		836D61FC1F74A114008FF81C /* Build configuration list for PBXNativeTarget "LxHelp" */ = {
			isa = XCConfigurationList;
			buildConfigurations = (
				836D61FD1F74A114008FF81C /* Debug */,
				836D61FE1F74A114008FF81C /* Release */,
			);
			defaultConfigurationIsVisible = 0;
			defaultConfigurationName = Release;
		};
		836D61FF1F74A114008FF81C /* Build configuration list for PBXNativeTarget "LxHelpTests" */ = {
			isa = XCConfigurationList;
			buildConfigurations = (
				836D62001F74A114008FF81C /* Debug */,
				836D62011F74A114008FF81C /* Release */,
			);
			defaultConfigurationIsVisible = 0;
			defaultConfigurationName = Release;
		};
		836D62021F74A114008FF81C /* Build configuration list for PBXNativeTarget "LxHelpUITests" */ = {
			isa = XCConfigurationList;
			buildConfigurations = (
				836D62031F74A114008FF81C /* Debug */,
				836D62041F74A114008FF81C /* Release */,
			);
			defaultConfigurationIsVisible = 0;
			defaultConfigurationName = Release;
		};
/* End XCConfigurationList section */
	};
	rootObject = 836D61C71F74A113008FF81C /* Project object */;
}
